
Microsoft Visual Studio Solution File, Format Version 12.00
# Visual Studio 15
VisualStudioVersion = 15.0.27703.2047
MinimumVisualStudioVersion = 10.0.40219.1
Project("{FAE04EC0-301F-11D3-BF4B-00C04F79EFBC}") = "sum of numbers", "exercise 2A\sum of numbers.csproj", "{C717EEF0-D3B7-49E2-B0DF-A0A5E9BB8ECD}"
EndProject
Project("{FAE04EC0-301F-11D3-BF4B-00C04F79EFBC}") = "Average 10 test scores", "Average 10 test scores\Average 10 test scores.csproj", "{C9ED5C1C-348C-4EA7-804B-7CCB2E33C74B}"
EndProject
Project("{FAE04EC0-301F-11D3-BF4B-00C04F79EFBC}") = "average specific number of scores", "average specific number of scores\average specific number of scores.csproj", "{7209D843-0C4B-4650-8D08-BEDC5CE86528}"
EndProject
Project("{FAE04EC0-301F-11D3-BF4B-00C04F79EFBC}") = "non-specific number of scores", "non-specific number of scores\non-specific number of scores.csproj", "{9775AFC3-BEB0-4220-8937-AAA2E1CF271E}"
EndProject
Global
	GlobalSection(SolutionConfigurationPlatforms) = preSolution
		Debug|Any CPU = Debug|Any CPU
		Release|Any CPU = Release|Any CPU
	EndGlobalSection
	GlobalSection(ProjectConfigurationPlatforms) = postSolution
		{C717EEF0-D3B7-49E2-B0DF-A0A5E9BB8ECD}.Debug|Any CPU.ActiveCfg = Debug|Any CPU
		{C717EEF0-D3B7-49E2-B0DF-A0A5E9BB8ECD}.Debug|Any CPU.Build.0 = Debug|Any CPU
		{C717EEF0-D3B7-49E2-B0DF-A0A5E9BB8ECD}.Release|Any CPU.ActiveCfg = Release|Any CPU
		{C717EEF0-D3B7-49E2-B0DF-A0A5E9BB8ECD}.Release|Any CPU.Build.0 = Release|Any CPU
		{C9ED5C1C-348C-4EA7-804B-7CCB2E33C74B}.Debug|Any CPU.ActiveCfg = Debug|Any CPU
		{C9ED5C1C-348C-4EA7-804B-7CCB2E33C74B}.Debug|Any CPU.Build.0 = Debug|Any CPU
		{C9ED5C1C-348C-4EA7-804B-7CCB2E33C74B}.Release|Any CPU.ActiveCfg = Release|Any CPU
		{C9ED5C1C-348C-4EA7-804B-7CCB2E33C74B}.Release|Any CPU.Build.0 = Release|Any CPU
		{7209D843-0C4B-4650-8D08-BEDC5CE86528}.Debug|Any CPU.ActiveCfg = Debug|Any CPU
		{7209D843-0C4B-4650-8D08-BEDC5CE86528}.Debug|Any CPU.Build.0 = Debug|Any CPU
		{7209D843-0C4B-4650-8D08-BEDC5CE86528}.Release|Any CPU.ActiveCfg = Release|Any CPU
		{7209D843-0C4B-4650-8D08-BEDC5CE86528}.Release|Any CPU.Build.0 = Release|Any CPU
		{9775AFC3-BEB0-4220-8937-AAA2E1CF271E}.Debug|Any CPU.ActiveCfg = Debug|Any CPU
		{9775AFC3-BEB0-4220-8937-AAA2E1CF271E}.Debug|Any CPU.Build.0 = Debug|Any CPU
		{9775AFC3-BEB0-4220-8937-AAA2E1CF271E}.Release|Any CPU.ActiveCfg = Release|Any CPU
		{9775AFC3-BEB0-4220-8937-AAA2E1CF271E}.Release|Any CPU.Build.0 = Release|Any CPU
	EndGlobalSection
	GlobalSection(SolutionProperties) = preSolution
		HideSolutionNode = FALSE
	EndGlobalSection
	GlobalSection(ExtensibilityGlobals) = postSolution
		SolutionGuid = {90CB3349-2A75-4479-BED3-A1FFE4432B51}
	EndGlobalSection
EndGlobal
